{
  "name": "@ifct2017/compositions",
  "version": "0.3.2",
  "lockfileVersion": 1,
  "requires": true,
  "dependencies": {
    "@ifct2017/descriptions": {
      "version": "0.3.1",
      "resolved": "https://registry.npmjs.org/@ifct2017/descriptions/-/descriptions-0.3.1.tgz",
      "integrity": "sha512-4PAuFkcLfIvRt1nZKXGHzobu/U6ZXdSn0PASTj755Anqfdt8zEV8FmugiEIjxXh04QD5TC/I9BJNo11PD4iAnw==",
      "dev": true,
      "requires": {
        "csv-parse": "2.5.0",
        "lunr": "2.2.1",
        "sql-extra": "0.1.8"
      }
    },
    "@ifct2017/groups": {
      "version": "0.3.3",
      "resolved": "https://registry.npmjs.org/@ifct2017/groups/-/groups-0.3.3.tgz",
      "integrity": "sha512-KuxpY+oxpVkNPC9x9IcnNAZ39fZ4iK0wQTqoA93H5bYvGx6uMVRCgblirz5w1gY5Az0sO/aTL3O8BdWCwRPlvA==",
      "dev": true,
      "requires": {
        "lunr": "2.2.1",
        "sql-extra": "0.1.8"
      }
    },
    "csv-parse": {
      "version": "2.5.0",
      "resolved": "https://registry.npmjs.org/csv-parse/-/csv-parse-2.5.0.tgz",
      "integrity": "sha512-4OcjOJQByI0YDU5COYw9HAqjo8/MOLLmT9EKyMCXUzgvh30vS1SlMK+Ho84IH5exN44cSnrYecw/7Zpu2m4lkA=="
    },
    "lunr": {
      "version": "2.2.1",
      "resolved": "https://registry.npmjs.org/lunr/-/lunr-2.2.1.tgz",
      "integrity": "sha1-YsYpR7+DYZRQ6Uq/JgYfHOO6qkc="
    },
    "sql-extra": {
      "version": "0.1.8",
      "resolved": "https://registry.npmjs.org/sql-extra/-/sql-extra-0.1.8.tgz",
      "integrity": "sha512-9j66f/Pt/aWt8yLUgAWKsOniDuyNJV+GTGeGT2lQ2C+fNS5kS+M81g1VSnncE24fJV/BVUBQCKJHYMCCbFygXg=="
    }
  }
}
