{
  "name": "@ifct2017/compositions",
  "version": "1.0.13",
  "lockfileVersion": 1,
  "requires": true,
  "dependencies": {
    "@ifct2017/descriptions": {
      "version": "1.0.2",
      "resolved": "https://registry.npmjs.org/@ifct2017/descriptions/-/descriptions-1.0.2.tgz",
      "integrity": "sha512-aKc8/zPMM3nVwH6ADWibFpxY/Dmnhck75UyLhoxJuSCwqypVCOYyFugjs7mZ7dzFVcxZr5EzicXoelLmDBAJHA==",
      "dev": true,
      "requires": {
        "csv-parse": "^2.5.0",
        "lunr": "^2.3.0",
        "sql-extra": "^0.1.13"
      }
    },
    "@ifct2017/groups": {
      "version": "1.0.2",
      "resolved": "https://registry.npmjs.org/@ifct2017/groups/-/groups-1.0.2.tgz",
      "integrity": "sha512-d4IjW63wBOrsygwRT/it9Esh4yXGADxj8U9/3PuLpvN1Sysy5DMK2ifav9jOaACNLAfYibxsWX877iyWtdl4iQ==",
      "dev": true,
      "requires": {
        "lunr": "^2.3.0",
        "sql-extra": "^0.1.13"
      }
    },
    "csv-parse": {
      "version": "2.5.0",
      "resolved": "https://registry.npmjs.org/csv-parse/-/csv-parse-2.5.0.tgz",
      "integrity": "sha512-4OcjOJQByI0YDU5COYw9HAqjo8/MOLLmT9EKyMCXUzgvh30vS1SlMK+Ho84IH5exN44cSnrYecw/7Zpu2m4lkA=="
    },
    "lunr": {
      "version": "2.3.0",
      "resolved": "https://registry.npmjs.org/lunr/-/lunr-2.3.0.tgz",
      "integrity": "sha1-TXwMoSvdHgRHsMExuRQgkpdAyI8="
    },
    "sql-extra": {
      "version": "0.1.13",
      "resolved": "https://registry.npmjs.org/sql-extra/-/sql-extra-0.1.13.tgz",
      "integrity": "sha512-TRuGNJPX7gMdNZFLkUZADtK7Lmqq1zeXf+56Mkj7XP8xCqm+jcFE80B94BsGXVNkdIexOPhHgwqI2kLRhbhSFg=="
    }
  }
}
